
Microsoft Visual Studio Solution File, Format Version 12.00
# Visual Studio 15
VisualStudioVersion = 15.0.28307.2092
MinimumVisualStudioVersion = 10.0.40219.1
Project("{8BC9CEB8-8B4A-11D0-8D11-00A0C91BC942}") = "HW8-1", "HW8-1\HW8-1.vcxproj", "{46C93DE0-8449-4A9E-BF0A-B1DDA7B33B49}"
EndProject
Global
	GlobalSection(SolutionConfigurationPlatforms) = preSolution
		Debug|x64 = Debug|x64
		Debug|x86 = Debug|x86
		Release|x64 = Release|x64
		Release|x86 = Release|x86
	EndGlobalSection
	GlobalSection(ProjectConfigurationPlatforms) = postSolution
		{46C93DE0-8449-4A9E-BF0A-B1DDA7B33B49}.Debug|x64.ActiveCfg = Debug|x64
		{46C93DE0-8449-4A9E-BF0A-B1DDA7B33B49}.Debug|x64.Build.0 = Debug|x64
		{46C93DE0-8449-4A9E-BF0A-B1DDA7B33B49}.Debug|x86.ActiveCfg = Debug|Win32
		{46C93DE0-8449-4A9E-BF0A-B1DDA7B33B49}.Debug|x86.Build.0 = Debug|Win32
		{46C93DE0-8449-4A9E-BF0A-B1DDA7B33B49}.Release|x64.ActiveCfg = Release|x64
		{46C93DE0-8449-4A9E-BF0A-B1DDA7B33B49}.Release|x64.Build.0 = Release|x64
		{46C93DE0-8449-4A9E-BF0A-B1DDA7B33B49}.Release|x86.ActiveCfg = Release|Win32
		{46C93DE0-8449-4A9E-BF0A-B1DDA7B33B49}.Release|x86.Build.0 = Release|Win32
	EndGlobalSection
	GlobalSection(SolutionProperties) = preSolution
		HideSolutionNode = FALSE
	EndGlobalSection
	GlobalSection(ExtensibilityGlobals) = postSolution
		SolutionGuid = {AFA1210A-A6B9-45B3-8D5E-CC2AD820135F}
	EndGlobalSection
EndGlobal
